
Microsoft Visual Studio Solution File, Format Version 12.00
Project("{FAE04EC0-301F-11D3-BF4B-00C04F79EFBC}") = "API", "API\API.csproj", "{BFCB1A6B-03F8-4FBF-B95B-4E1153D6489E}"
EndProject
Global
	GlobalSection(SolutionConfigurationPlatforms) = preSolution
		Debug|Any CPU = Debug|Any CPU
		Release|Any CPU = Release|Any CPU
	EndGlobalSection
	GlobalSection(ProjectConfigurationPlatforms) = postSolution
		{BFCB1A6B-03F8-4FBF-B95B-4E1153D6489E}.Debug|Any CPU.ActiveCfg = Debug|Any CPU
		{BFCB1A6B-03F8-4FBF-B95B-4E1153D6489E}.Debug|Any CPU.Build.0 = Debug|Any CPU
		{BFCB1A6B-03F8-4FBF-B95B-4E1153D6489E}.Release|Any CPU.ActiveCfg = Release|Any CPU
		{BFCB1A6B-03F8-4FBF-B95B-4E1153D6489E}.Release|Any CPU.Build.0 = Release|Any CPU
	EndGlobalSection
EndGlobal
